
Microsoft Visual Studio Solution File, Format Version 12.00
# Visual Studio Version 17
VisualStudioVersion = 17.9.34607.119
MinimumVisualStudioVersion = 10.0.40219.1
Project("{FAE04EC0-301F-11D3-BF4B-00C04F79EFBC}") = "CambioMoneda", "CambioMoneda.csproj", "{3AC24EC8-3390-4BED-8412-725490D4E816}"
EndProject
Global
	GlobalSection(SolutionConfigurationPlatforms) = preSolution
		Debug|Any CPU = Debug|Any CPU
		Release|Any CPU = Release|Any CPU
	EndGlobalSection
	GlobalSection(ProjectConfigurationPlatforms) = postSolution
		{3AC24EC8-3390-4BED-8412-725490D4E816}.Debug|Any CPU.ActiveCfg = Debug|Any CPU
		{3AC24EC8-3390-4BED-8412-725490D4E816}.Debug|Any CPU.Build.0 = Debug|Any CPU
		{3AC24EC8-3390-4BED-8412-725490D4E816}.Release|Any CPU.ActiveCfg = Release|Any CPU
		{3AC24EC8-3390-4BED-8412-725490D4E816}.Release|Any CPU.Build.0 = Release|Any CPU
	EndGlobalSection
	GlobalSection(SolutionProperties) = preSolution
		HideSolutionNode = FALSE
	EndGlobalSection
	GlobalSection(ExtensibilityGlobals) = postSolution
		SolutionGuid = {C9D3240A-0044-46DB-B410-D684B705351A}
	EndGlobalSection
EndGlobal
